
Microsoft Visual Studio Solution File, Format Version 12.00
# Visual Studio Version 16
VisualStudioVersion = 16.0.30011.22
MinimumVisualStudioVersion = 10.0.40219.1
Project("{FAE04EC0-301F-11D3-BF4B-00C04F79EFBC}") = "Household_expenses_log", "Household_expenses_log.csproj", "{BBE5A50E-235E-4644-90C0-1FAF2769E8EB}"
EndProject
Global
	GlobalSection(SolutionConfigurationPlatforms) = preSolution
		Debug|Any CPU = Debug|Any CPU
		Release|Any CPU = Release|Any CPU
	EndGlobalSection
	GlobalSection(ProjectConfigurationPlatforms) = postSolution
		{BBE5A50E-235E-4644-90C0-1FAF2769E8EB}.Debug|Any CPU.ActiveCfg = Debug|Any CPU
		{BBE5A50E-235E-4644-90C0-1FAF2769E8EB}.Debug|Any CPU.Build.0 = Debug|Any CPU
		{BBE5A50E-235E-4644-90C0-1FAF2769E8EB}.Release|Any CPU.ActiveCfg = Release|Any CPU
		{BBE5A50E-235E-4644-90C0-1FAF2769E8EB}.Release|Any CPU.Build.0 = Release|Any CPU
	EndGlobalSection
	GlobalSection(SolutionProperties) = preSolution
		HideSolutionNode = FALSE
	EndGlobalSection
	GlobalSection(ExtensibilityGlobals) = postSolution
		SolutionGuid = {CD5F2BDC-82B6-47D4-B9F7-151D4FF9B67E}
	EndGlobalSection
EndGlobal
